
Microsoft Visual Studio Solution File, Format Version 12.00
# Visual Studio 2013
VisualStudioVersion = 12.0.31101.0
MinimumVisualStudioVersion = 10.0.40219.1
Project("{FAE04EC0-301F-11D3-BF4B-00C04F79EFBC}") = "TagFolders", "YaronThurm.TagFolders\TagFolders.csproj", "{711F1B97-40AA-4862-A166-B414D9C58D39}"
EndProject
Project("{FAE04EC0-301F-11D3-BF4B-00C04F79EFBC}") = "TestTagFolders", "TestTagFolders\TestTagFolders.csproj", "{EDCD2214-327A-48AA-9B91-E89AF40FDD2A}"
EndProject
Global
	GlobalSection(SolutionConfigurationPlatforms) = preSolution
		Debug|Any CPU = Debug|Any CPU
		Release|Any CPU = Release|Any CPU
	EndGlobalSection
	GlobalSection(ProjectConfigurationPlatforms) = postSolution
		{711F1B97-40AA-4862-A166-B414D9C58D39}.Debug|Any CPU.ActiveCfg = Debug|Any CPU
		{711F1B97-40AA-4862-A166-B414D9C58D39}.Debug|Any CPU.Build.0 = Debug|Any CPU
		{711F1B97-40AA-4862-A166-B414D9C58D39}.Release|Any CPU.ActiveCfg = Release|Any CPU
		{711F1B97-40AA-4862-A166-B414D9C58D39}.Release|Any CPU.Build.0 = Release|Any CPU
		{EDCD2214-327A-48AA-9B91-E89AF40FDD2A}.Debug|Any CPU.ActiveCfg = Debug|Any CPU
		{EDCD2214-327A-48AA-9B91-E89AF40FDD2A}.Debug|Any CPU.Build.0 = Debug|Any CPU
		{EDCD2214-327A-48AA-9B91-E89AF40FDD2A}.Release|Any CPU.ActiveCfg = Release|Any CPU
		{EDCD2214-327A-48AA-9B91-E89AF40FDD2A}.Release|Any CPU.Build.0 = Release|Any CPU
	EndGlobalSection
	GlobalSection(SolutionProperties) = preSolution
		HideSolutionNode = FALSE
	EndGlobalSection
EndGlobal
